
Microsoft Visual Studio Solution File, Format Version 12.00
# Visual Studio Version 17
VisualStudioVersion = 17.8.34525.116
MinimumVisualStudioVersion = 10.0.40219.1
Project("{9A19103F-16F7-4668-BE54-9A1E7A4F7556}") = "MagicVilla_VillaAPI", "MagicVilla_VillaAPI\MagicVilla_VillaAPI.csproj", "{A9891055-EDE8-4742-B9D0-B57EA60C30EB}"
EndProject
Project("{FAE04EC0-301F-11D3-BF4B-00C04F79EFBC}") = "MagicVilla_Web", "MagicVilla_Web\MagicVilla_Web.csproj", "{E9CF8B4C-CFFC-4213-BB3D-01E4A9AE36F1}"
EndProject
Project("{FAE04EC0-301F-11D3-BF4B-00C04F79EFBC}") = "MagicVilla_Utility", "MagicVilla_Utility\MagicVilla_Utility.csproj", "{1899FFD6-94AD-4487-B11D-142A720D7A52}"
EndProject
Global
	GlobalSection(SolutionConfigurationPlatforms) = preSolution
		Debug|Any CPU = Debug|Any CPU
		Release|Any CPU = Release|Any CPU
	EndGlobalSection
	GlobalSection(ProjectConfigurationPlatforms) = postSolution
		{A9891055-EDE8-4742-B9D0-B57EA60C30EB}.Debug|Any CPU.ActiveCfg = Debug|Any CPU
		{A9891055-EDE8-4742-B9D0-B57EA60C30EB}.Debug|Any CPU.Build.0 = Debug|Any CPU
		{A9891055-EDE8-4742-B9D0-B57EA60C30EB}.Release|Any CPU.ActiveCfg = Release|Any CPU
		{A9891055-EDE8-4742-B9D0-B57EA60C30EB}.Release|Any CPU.Build.0 = Release|Any CPU
		{E9CF8B4C-CFFC-4213-BB3D-01E4A9AE36F1}.Debug|Any CPU.ActiveCfg = Debug|Any CPU
		{E9CF8B4C-CFFC-4213-BB3D-01E4A9AE36F1}.Debug|Any CPU.Build.0 = Debug|Any CPU
		{E9CF8B4C-CFFC-4213-BB3D-01E4A9AE36F1}.Release|Any CPU.ActiveCfg = Release|Any CPU
		{E9CF8B4C-CFFC-4213-BB3D-01E4A9AE36F1}.Release|Any CPU.Build.0 = Release|Any CPU
		{1899FFD6-94AD-4487-B11D-142A720D7A52}.Debug|Any CPU.ActiveCfg = Debug|Any CPU
		{1899FFD6-94AD-4487-B11D-142A720D7A52}.Debug|Any CPU.Build.0 = Debug|Any CPU
		{1899FFD6-94AD-4487-B11D-142A720D7A52}.Release|Any CPU.ActiveCfg = Release|Any CPU
		{1899FFD6-94AD-4487-B11D-142A720D7A52}.Release|Any CPU.Build.0 = Release|Any CPU
	EndGlobalSection
	GlobalSection(SolutionProperties) = preSolution
		HideSolutionNode = FALSE
	EndGlobalSection
	GlobalSection(ExtensibilityGlobals) = postSolution
		SolutionGuid = {5C5B486F-01CA-4068-9823-71DF9B03A835}
	EndGlobalSection
EndGlobal
